
Microsoft Visual Studio Solution File, Format Version 12.00
# Visual Studio Version 16
VisualStudioVersion = 16.0.31005.135
MinimumVisualStudioVersion = 10.0.40219.1
Project("{FAE04EC0-301F-11D3-BF4B-00C04F79EFBC}") = "ReactiveExtensionsNet", "ReactiveExtensionsNet\ReactiveExtensionsNet.csproj", "{C9EAEAE5-27F5-4672-B467-54C6B0A9E346}"
EndProject
Global
	GlobalSection(SolutionConfigurationPlatforms) = preSolution
		Debug|Any CPU = Debug|Any CPU
		Release|Any CPU = Release|Any CPU
	EndGlobalSection
	GlobalSection(ProjectConfigurationPlatforms) = postSolution
		{C9EAEAE5-27F5-4672-B467-54C6B0A9E346}.Debug|Any CPU.ActiveCfg = Debug|Any CPU
		{C9EAEAE5-27F5-4672-B467-54C6B0A9E346}.Debug|Any CPU.Build.0 = Debug|Any CPU
		{C9EAEAE5-27F5-4672-B467-54C6B0A9E346}.Release|Any CPU.ActiveCfg = Release|Any CPU
		{C9EAEAE5-27F5-4672-B467-54C6B0A9E346}.Release|Any CPU.Build.0 = Release|Any CPU
	EndGlobalSection
	GlobalSection(SolutionProperties) = preSolution
		HideSolutionNode = FALSE
	EndGlobalSection
	GlobalSection(ExtensibilityGlobals) = postSolution
		SolutionGuid = {BA725B93-0945-4296-B932-10DC6CFBF4F6}
	EndGlobalSection
EndGlobal
